
Microsoft Visual Studio Solution File, Format Version 12.00
# Visual Studio 15
VisualStudioVersion = 15.0.28307.757
MinimumVisualStudioVersion = 10.0.40219.1
Project("{FAE04EC0-301F-11D3-BF4B-00C04F79EFBC}") = "Senai.Filmes.WebApi", "Senai.Filmes.WebApi\Senai.Filmes.WebApi.csproj", "{3ECB6BD5-F57E-42FA-AE97-BFDD2FF0E850}"
EndProject
Global
	GlobalSection(SolutionConfigurationPlatforms) = preSolution
		Debug|Any CPU = Debug|Any CPU
		Release|Any CPU = Release|Any CPU
	EndGlobalSection
	GlobalSection(ProjectConfigurationPlatforms) = postSolution
		{3ECB6BD5-F57E-42FA-AE97-BFDD2FF0E850}.Debug|Any CPU.ActiveCfg = Debug|Any CPU
		{3ECB6BD5-F57E-42FA-AE97-BFDD2FF0E850}.Debug|Any CPU.Build.0 = Debug|Any CPU
		{3ECB6BD5-F57E-42FA-AE97-BFDD2FF0E850}.Release|Any CPU.ActiveCfg = Release|Any CPU
		{3ECB6BD5-F57E-42FA-AE97-BFDD2FF0E850}.Release|Any CPU.Build.0 = Release|Any CPU
	EndGlobalSection
	GlobalSection(SolutionProperties) = preSolution
		HideSolutionNode = FALSE
	EndGlobalSection
	GlobalSection(ExtensibilityGlobals) = postSolution
		SolutionGuid = {80FB624F-C7C0-4C0C-B125-A642B5F12FDE}
	EndGlobalSection
EndGlobal
