
Microsoft Visual Studio Solution File, Format Version 12.00
# Visual Studio 15
VisualStudioVersion = 15.0.28307.757
MinimumVisualStudioVersion = 10.0.40219.1
Project("{FAE04EC0-301F-11D3-BF4B-00C04F79EFBC}") = "Senai.Optus.WebApi", "Senai.Optus.WebApi\Senai.Optus.WebApi.csproj", "{8600C8F5-55F7-45D3-B09C-2E951AA35E37}"
EndProject
Global
	GlobalSection(SolutionConfigurationPlatforms) = preSolution
		Debug|Any CPU = Debug|Any CPU
		Release|Any CPU = Release|Any CPU
	EndGlobalSection
	GlobalSection(ProjectConfigurationPlatforms) = postSolution
		{8600C8F5-55F7-45D3-B09C-2E951AA35E37}.Debug|Any CPU.ActiveCfg = Debug|Any CPU
		{8600C8F5-55F7-45D3-B09C-2E951AA35E37}.Debug|Any CPU.Build.0 = Debug|Any CPU
		{8600C8F5-55F7-45D3-B09C-2E951AA35E37}.Release|Any CPU.ActiveCfg = Release|Any CPU
		{8600C8F5-55F7-45D3-B09C-2E951AA35E37}.Release|Any CPU.Build.0 = Release|Any CPU
	EndGlobalSection
	GlobalSection(SolutionProperties) = preSolution
		HideSolutionNode = FALSE
	EndGlobalSection
	GlobalSection(ExtensibilityGlobals) = postSolution
		SolutionGuid = {603DDBF5-D000-4D10-933E-71CD59A38001}
	EndGlobalSection
EndGlobal
